
Microsoft Visual Studio Solution File, Format Version 12.00
# Visual Studio Version 17
VisualStudioVersion = 17.0.31919.166
MinimumVisualStudioVersion = 10.0.40219.1
Project("{9A19103F-16F7-4668-BE54-9A1E7A4F7556}") = "VirtualSpace", "VirtualSpace\VirtualSpace.csproj", "{DB52639D-5D7C-48D6-A4E1-0287C0323F6D}"
EndProject
Project("{9A19103F-16F7-4668-BE54-9A1E7A4F7556}") = "LinqExpressionBuilder", "LinqExpressionBuilder\LinqExpressionBuilder.csproj", "{39DADF49-9596-420D-8663-4F44F3A3179D}"
EndProject
Project("{9A19103F-16F7-4668-BE54-9A1E7A4F7556}") = "Configuration", "Configuration\Configuration.csproj", "{1BC48019-B0BC-434E-8677-B720DA769365}"
EndProject
Project("{9A19103F-16F7-4668-BE54-9A1E7A4F7556}") = "Logger", "Logger\Logger.csproj", "{FF6514E2-0F29-4694-AA57-DA539144DE56}"
EndProject
Project("{9A19103F-16F7-4668-BE54-9A1E7A4F7556}") = "Helpers", "Helpers\Helpers.csproj", "{C585EA4E-FB09-47E9-B860-CE551701C25B}"
EndProject
Project("{9A19103F-16F7-4668-BE54-9A1E7A4F7556}") = "Bridge", "Bridge\Bridge.csproj", "{307A5E39-85D4-42C3-B267-B36706BB1F86}"
EndProject
Project("{9A19103F-16F7-4668-BE54-9A1E7A4F7556}") = "UiAutomation", "UiAutomation\UiAutomation.csproj", "{1AD64F67-E242-42FA-8C3F-AC4003AF7CDE}"
EndProject
Project("{9A19103F-16F7-4668-BE54-9A1E7A4F7556}") = "Ipc", "Ipc\Commons\Ipc.csproj", "{24AC7B65-7A18-4603-AB5A-B50A6903E5BF}"
EndProject
Project("{9A19103F-16F7-4668-BE54-9A1E7A4F7556}") = "IpcServer", "Ipc\IpcServer\IpcServer.csproj", "{B7B5F165-21C3-456B-8F13-4C72FF6E6D32}"
EndProject
Project("{9A19103F-16F7-4668-BE54-9A1E7A4F7556}") = "Plugin", "Plugin\Commons\Plugin.csproj", "{36332EB5-80A3-4B90-998A-55D24AB17715}"
EndProject
Project("{9A19103F-16F7-4668-BE54-9A1E7A4F7556}") = "AppController", "WinForms\AppController\AppController.csproj", "{0C239946-4CA8-44B0-B0A3-7785931FAEB9}"
EndProject
Project("{9A19103F-16F7-4668-BE54-9A1E7A4F7556}") = "PluginHost", "Plugin\PluginHost\PluginHost.csproj", "{8789C787-2125-413E-BB38-C9065C405D42}"
EndProject
Project("{9A19103F-16F7-4668-BE54-9A1E7A4F7556}") = "VirtualDesktop10", "VirtualDesktop\VirtualDesktop10\VirtualDesktop10.csproj", "{B4CFADA1-1DC9-4E84-AE6C-64519D5FEB19}"
EndProject
Project("{9A19103F-16F7-4668-BE54-9A1E7A4F7556}") = "VirtualDesktop11", "VirtualDesktop\VirtualDesktop11\VirtualDesktop11.csproj", "{E497EEBC-3B5C-4169-9DFA-37FEBBB7797A}"
EndProject
Project("{9A19103F-16F7-4668-BE54-9A1E7A4F7556}") = "VirtualDesktop11_21H2", "VirtualDesktop\VirtualDesktop11_21H2\VirtualDesktop11_21H2.csproj", "{F63B2561-6C6C-4010-A63A-AAB03F8C3E30}"
EndProject
Project("{FAE04EC0-301F-11D3-BF4B-00C04F79EFBC}") = "VirtualDesktopWrapper", "VirtualDesktopWrapper\VirtualDesktopWrapper.csproj", "{1E662F33-8F91-48EB-A659-594E7039C65A}"
EndProject
Global
	GlobalSection(SolutionConfigurationPlatforms) = preSolution
		Debug|Any CPU = Debug|Any CPU
		Debug|x64 = Debug|x64
		Debug|x86 = Debug|x86
		Release|Any CPU = Release|Any CPU
		Release|x64 = Release|x64
		Release|x86 = Release|x86
	EndGlobalSection
	GlobalSection(ProjectConfigurationPlatforms) = postSolution
		{DB52639D-5D7C-48D6-A4E1-0287C0323F6D}.Debug|Any CPU.ActiveCfg = Debug|Any CPU
		{DB52639D-5D7C-48D6-A4E1-0287C0323F6D}.Debug|Any CPU.Build.0 = Debug|Any CPU
		{DB52639D-5D7C-48D6-A4E1-0287C0323F6D}.Debug|x64.ActiveCfg = Debug|Any CPU
		{DB52639D-5D7C-48D6-A4E1-0287C0323F6D}.Debug|x64.Build.0 = Debug|Any CPU
		{DB52639D-5D7C-48D6-A4E1-0287C0323F6D}.Debug|x86.ActiveCfg = Debug|x86
		{DB52639D-5D7C-48D6-A4E1-0287C0323F6D}.Debug|x86.Build.0 = Debug|x86
		{DB52639D-5D7C-48D6-A4E1-0287C0323F6D}.Release|Any CPU.ActiveCfg = Release|Any CPU
		{DB52639D-5D7C-48D6-A4E1-0287C0323F6D}.Release|Any CPU.Build.0 = Release|Any CPU
		{DB52639D-5D7C-48D6-A4E1-0287C0323F6D}.Release|x64.ActiveCfg = Release|Any CPU
		{DB52639D-5D7C-48D6-A4E1-0287C0323F6D}.Release|x64.Build.0 = Release|Any CPU
		{DB52639D-5D7C-48D6-A4E1-0287C0323F6D}.Release|x86.ActiveCfg = Release|Any CPU
		{DB52639D-5D7C-48D6-A4E1-0287C0323F6D}.Release|x86.Build.0 = Release|Any CPU
		{39DADF49-9596-420D-8663-4F44F3A3179D}.Debug|Any CPU.ActiveCfg = Debug|Any CPU
		{39DADF49-9596-420D-8663-4F44F3A3179D}.Debug|Any CPU.Build.0 = Debug|Any CPU
		{39DADF49-9596-420D-8663-4F44F3A3179D}.Debug|x64.ActiveCfg = Debug|Any CPU
		{39DADF49-9596-420D-8663-4F44F3A3179D}.Debug|x64.Build.0 = Debug|Any CPU
		{39DADF49-9596-420D-8663-4F44F3A3179D}.Debug|x86.ActiveCfg = Debug|Any CPU
		{39DADF49-9596-420D-8663-4F44F3A3179D}.Debug|x86.Build.0 = Debug|Any CPU
		{39DADF49-9596-420D-8663-4F44F3A3179D}.Release|Any CPU.ActiveCfg = Release|Any CPU
		{39DADF49-9596-420D-8663-4F44F3A3179D}.Release|Any CPU.Build.0 = Release|Any CPU
		{39DADF49-9596-420D-8663-4F44F3A3179D}.Release|x64.ActiveCfg = Release|Any CPU
		{39DADF49-9596-420D-8663-4F44F3A3179D}.Release|x64.Build.0 = Release|Any CPU
		{39DADF49-9596-420D-8663-4F44F3A3179D}.Release|x86.ActiveCfg = Release|Any CPU
		{39DADF49-9596-420D-8663-4F44F3A3179D}.Release|x86.Build.0 = Release|Any CPU
		{1BC48019-B0BC-434E-8677-B720DA769365}.Debug|Any CPU.ActiveCfg = Debug|Any CPU
		{1BC48019-B0BC-434E-8677-B720DA769365}.Debug|Any CPU.Build.0 = Debug|Any CPU
		{1BC48019-B0BC-434E-8677-B720DA769365}.Debug|x64.ActiveCfg = Debug|Any CPU
		{1BC48019-B0BC-434E-8677-B720DA769365}.Debug|x64.Build.0 = Debug|Any CPU
		{1BC48019-B0BC-434E-8677-B720DA769365}.Debug|x86.ActiveCfg = Debug|Any CPU
		{1BC48019-B0BC-434E-8677-B720DA769365}.Debug|x86.Build.0 = Debug|Any CPU
		{1BC48019-B0BC-434E-8677-B720DA769365}.Release|Any CPU.ActiveCfg = Release|Any CPU
		{1BC48019-B0BC-434E-8677-B720DA769365}.Release|Any CPU.Build.0 = Release|Any CPU
		{1BC48019-B0BC-434E-8677-B720DA769365}.Release|x64.ActiveCfg = Release|Any CPU
		{1BC48019-B0BC-434E-8677-B720DA769365}.Release|x64.Build.0 = Release|Any CPU
		{1BC48019-B0BC-434E-8677-B720DA769365}.Release|x86.ActiveCfg = Release|Any CPU
		{1BC48019-B0BC-434E-8677-B720DA769365}.Release|x86.Build.0 = Release|Any CPU
		{FF6514E2-0F29-4694-AA57-DA539144DE56}.Debug|Any CPU.ActiveCfg = Debug|Any CPU
		{FF6514E2-0F29-4694-AA57-DA539144DE56}.Debug|Any CPU.Build.0 = Debug|Any CPU
		{FF6514E2-0F29-4694-AA57-DA539144DE56}.Debug|x64.ActiveCfg = Debug|Any CPU
		{FF6514E2-0F29-4694-AA57-DA539144DE56}.Debug|x64.Build.0 = Debug|Any CPU
		{FF6514E2-0F29-4694-AA57-DA539144DE56}.Debug|x86.ActiveCfg = Debug|Any CPU
		{FF6514E2-0F29-4694-AA57-DA539144DE56}.Debug|x86.Build.0 = Debug|Any CPU
		{FF6514E2-0F29-4694-AA57-DA539144DE56}.Release|Any CPU.ActiveCfg = Release|Any CPU
		{FF6514E2-0F29-4694-AA57-DA539144DE56}.Release|Any CPU.Build.0 = Release|Any CPU
		{FF6514E2-0F29-4694-AA57-DA539144DE56}.Release|x64.ActiveCfg = Release|Any CPU
		{FF6514E2-0F29-4694-AA57-DA539144DE56}.Release|x64.Build.0 = Release|Any CPU
		{FF6514E2-0F29-4694-AA57-DA539144DE56}.Release|x86.ActiveCfg = Release|Any CPU
		{FF6514E2-0F29-4694-AA57-DA539144DE56}.Release|x86.Build.0 = Release|Any CPU
		{C585EA4E-FB09-47E9-B860-CE551701C25B}.Debug|Any CPU.ActiveCfg = Debug|Any CPU
		{C585EA4E-FB09-47E9-B860-CE551701C25B}.Debug|Any CPU.Build.0 = Debug|Any CPU
		{C585EA4E-FB09-47E9-B860-CE551701C25B}.Debug|x64.ActiveCfg = Debug|Any CPU
		{C585EA4E-FB09-47E9-B860-CE551701C25B}.Debug|x64.Build.0 = Debug|Any CPU
		{C585EA4E-FB09-47E9-B860-CE551701C25B}.Debug|x86.ActiveCfg = Debug|Any CPU
		{C585EA4E-FB09-47E9-B860-CE551701C25B}.Debug|x86.Build.0 = Debug|Any CPU
		{C585EA4E-FB09-47E9-B860-CE551701C25B}.Release|Any CPU.ActiveCfg = Release|Any CPU
		{C585EA4E-FB09-47E9-B860-CE551701C25B}.Release|Any CPU.Build.0 = Release|Any CPU
		{C585EA4E-FB09-47E9-B860-CE551701C25B}.Release|x64.ActiveCfg = Release|Any CPU
		{C585EA4E-FB09-47E9-B860-CE551701C25B}.Release|x64.Build.0 = Release|Any CPU
		{C585EA4E-FB09-47E9-B860-CE551701C25B}.Release|x86.ActiveCfg = Release|Any CPU
		{C585EA4E-FB09-47E9-B860-CE551701C25B}.Release|x86.Build.0 = Release|Any CPU
		{307A5E39-85D4-42C3-B267-B36706BB1F86}.Debug|Any CPU.ActiveCfg = Debug|Any CPU
		{307A5E39-85D4-42C3-B267-B36706BB1F86}.Debug|Any CPU.Build.0 = Debug|Any CPU
		{307A5E39-85D4-42C3-B267-B36706BB1F86}.Debug|x64.ActiveCfg = Debug|Any CPU
		{307A5E39-85D4-42C3-B267-B36706BB1F86}.Debug|x64.Build.0 = Debug|Any CPU
		{307A5E39-85D4-42C3-B267-B36706BB1F86}.Debug|x86.ActiveCfg = Debug|Any CPU
		{307A5E39-85D4-42C3-B267-B36706BB1F86}.Debug|x86.Build.0 = Debug|Any CPU
		{307A5E39-85D4-42C3-B267-B36706BB1F86}.Release|Any CPU.ActiveCfg = Release|Any CPU
		{307A5E39-85D4-42C3-B267-B36706BB1F86}.Release|Any CPU.Build.0 = Release|Any CPU
		{307A5E39-85D4-42C3-B267-B36706BB1F86}.Release|x64.ActiveCfg = Release|Any CPU
		{307A5E39-85D4-42C3-B267-B36706BB1F86}.Release|x64.Build.0 = Release|Any CPU
		{307A5E39-85D4-42C3-B267-B36706BB1F86}.Release|x86.ActiveCfg = Release|Any CPU
		{307A5E39-85D4-42C3-B267-B36706BB1F86}.Release|x86.Build.0 = Release|Any CPU
		{1AD64F67-E242-42FA-8C3F-AC4003AF7CDE}.Debug|Any CPU.ActiveCfg = Debug|Any CPU
		{1AD64F67-E242-42FA-8C3F-AC4003AF7CDE}.Debug|Any CPU.Build.0 = Debug|Any CPU
		{1AD64F67-E242-42FA-8C3F-AC4003AF7CDE}.Debug|x64.ActiveCfg = Debug|Any CPU
		{1AD64F67-E242-42FA-8C3F-AC4003AF7CDE}.Debug|x64.Build.0 = Debug|Any CPU
		{1AD64F67-E242-42FA-8C3F-AC4003AF7CDE}.Debug|x86.ActiveCfg = Debug|Any CPU
		{1AD64F67-E242-42FA-8C3F-AC4003AF7CDE}.Debug|x86.Build.0 = Debug|Any CPU
		{1AD64F67-E242-42FA-8C3F-AC4003AF7CDE}.Release|Any CPU.ActiveCfg = Release|Any CPU
		{1AD64F67-E242-42FA-8C3F-AC4003AF7CDE}.Release|Any CPU.Build.0 = Release|Any CPU
		{1AD64F67-E242-42FA-8C3F-AC4003AF7CDE}.Release|x64.ActiveCfg = Release|Any CPU
		{1AD64F67-E242-42FA-8C3F-AC4003AF7CDE}.Release|x64.Build.0 = Release|Any CPU
		{1AD64F67-E242-42FA-8C3F-AC4003AF7CDE}.Release|x86.ActiveCfg = Release|Any CPU
		{1AD64F67-E242-42FA-8C3F-AC4003AF7CDE}.Release|x86.Build.0 = Release|Any CPU
		{24AC7B65-7A18-4603-AB5A-B50A6903E5BF}.Debug|Any CPU.ActiveCfg = Debug|Any CPU
		{24AC7B65-7A18-4603-AB5A-B50A6903E5BF}.Debug|Any CPU.Build.0 = Debug|Any CPU
		{24AC7B65-7A18-4603-AB5A-B50A6903E5BF}.Debug|x64.ActiveCfg = Debug|Any CPU
		{24AC7B65-7A18-4603-AB5A-B50A6903E5BF}.Debug|x64.Build.0 = Debug|Any CPU
		{24AC7B65-7A18-4603-AB5A-B50A6903E5BF}.Debug|x86.ActiveCfg = Debug|Any CPU
		{24AC7B65-7A18-4603-AB5A-B50A6903E5BF}.Debug|x86.Build.0 = Debug|Any CPU
		{24AC7B65-7A18-4603-AB5A-B50A6903E5BF}.Release|Any CPU.ActiveCfg = Release|Any CPU
		{24AC7B65-7A18-4603-AB5A-B50A6903E5BF}.Release|Any CPU.Build.0 = Release|Any CPU
		{24AC7B65-7A18-4603-AB5A-B50A6903E5BF}.Release|x64.ActiveCfg = Release|Any CPU
		{24AC7B65-7A18-4603-AB5A-B50A6903E5BF}.Release|x64.Build.0 = Release|Any CPU
		{24AC7B65-7A18-4603-AB5A-B50A6903E5BF}.Release|x86.ActiveCfg = Release|Any CPU
		{24AC7B65-7A18-4603-AB5A-B50A6903E5BF}.Release|x86.Build.0 = Release|Any CPU
		{B7B5F165-21C3-456B-8F13-4C72FF6E6D32}.Debug|Any CPU.ActiveCfg = Debug|Any CPU
		{B7B5F165-21C3-456B-8F13-4C72FF6E6D32}.Debug|Any CPU.Build.0 = Debug|Any CPU
		{B7B5F165-21C3-456B-8F13-4C72FF6E6D32}.Debug|x64.ActiveCfg = Debug|Any CPU
		{B7B5F165-21C3-456B-8F13-4C72FF6E6D32}.Debug|x64.Build.0 = Debug|Any CPU
		{B7B5F165-21C3-456B-8F13-4C72FF6E6D32}.Debug|x86.ActiveCfg = Debug|Any CPU
		{B7B5F165-21C3-456B-8F13-4C72FF6E6D32}.Debug|x86.Build.0 = Debug|Any CPU
		{B7B5F165-21C3-456B-8F13-4C72FF6E6D32}.Release|Any CPU.ActiveCfg = Release|Any CPU
		{B7B5F165-21C3-456B-8F13-4C72FF6E6D32}.Release|Any CPU.Build.0 = Release|Any CPU
		{B7B5F165-21C3-456B-8F13-4C72FF6E6D32}.Release|x64.ActiveCfg = Release|Any CPU
		{B7B5F165-21C3-456B-8F13-4C72FF6E6D32}.Release|x64.Build.0 = Release|Any CPU
		{B7B5F165-21C3-456B-8F13-4C72FF6E6D32}.Release|x86.ActiveCfg = Release|Any CPU
		{B7B5F165-21C3-456B-8F13-4C72FF6E6D32}.Release|x86.Build.0 = Release|Any CPU
		{36332EB5-80A3-4B90-998A-55D24AB17715}.Debug|Any CPU.ActiveCfg = Debug|Any CPU
		{36332EB5-80A3-4B90-998A-55D24AB17715}.Debug|Any CPU.Build.0 = Debug|Any CPU
		{36332EB5-80A3-4B90-998A-55D24AB17715}.Debug|x64.ActiveCfg = Debug|Any CPU
		{36332EB5-80A3-4B90-998A-55D24AB17715}.Debug|x64.Build.0 = Debug|Any CPU
		{36332EB5-80A3-4B90-998A-55D24AB17715}.Debug|x86.ActiveCfg = Debug|Any CPU
		{36332EB5-80A3-4B90-998A-55D24AB17715}.Debug|x86.Build.0 = Debug|Any CPU
		{36332EB5-80A3-4B90-998A-55D24AB17715}.Release|Any CPU.ActiveCfg = Release|Any CPU
		{36332EB5-80A3-4B90-998A-55D24AB17715}.Release|Any CPU.Build.0 = Release|Any CPU
		{36332EB5-80A3-4B90-998A-55D24AB17715}.Release|x64.ActiveCfg = Release|Any CPU
		{36332EB5-80A3-4B90-998A-55D24AB17715}.Release|x64.Build.0 = Release|Any CPU
		{36332EB5-80A3-4B90-998A-55D24AB17715}.Release|x86.ActiveCfg = Release|Any CPU
		{36332EB5-80A3-4B90-998A-55D24AB17715}.Release|x86.Build.0 = Release|Any CPU
		{0C239946-4CA8-44B0-B0A3-7785931FAEB9}.Debug|Any CPU.ActiveCfg = Debug|Any CPU
		{0C239946-4CA8-44B0-B0A3-7785931FAEB9}.Debug|Any CPU.Build.0 = Debug|Any CPU
		{0C239946-4CA8-44B0-B0A3-7785931FAEB9}.Debug|x64.ActiveCfg = Debug|Any CPU
		{0C239946-4CA8-44B0-B0A3-7785931FAEB9}.Debug|x64.Build.0 = Debug|Any CPU
		{0C239946-4CA8-44B0-B0A3-7785931FAEB9}.Debug|x86.ActiveCfg = Debug|Any CPU
		{0C239946-4CA8-44B0-B0A3-7785931FAEB9}.Debug|x86.Build.0 = Debug|Any CPU
		{0C239946-4CA8-44B0-B0A3-7785931FAEB9}.Release|Any CPU.ActiveCfg = Release|Any CPU
		{0C239946-4CA8-44B0-B0A3-7785931FAEB9}.Release|Any CPU.Build.0 = Release|Any CPU
		{0C239946-4CA8-44B0-B0A3-7785931FAEB9}.Release|x64.ActiveCfg = Release|Any CPU
		{0C239946-4CA8-44B0-B0A3-7785931FAEB9}.Release|x64.Build.0 = Release|Any CPU
		{0C239946-4CA8-44B0-B0A3-7785931FAEB9}.Release|x86.ActiveCfg = Release|Any CPU
		{0C239946-4CA8-44B0-B0A3-7785931FAEB9}.Release|x86.Build.0 = Release|Any CPU
		{8789C787-2125-413E-BB38-C9065C405D42}.Debug|Any CPU.ActiveCfg = Debug|Any CPU
		{8789C787-2125-413E-BB38-C9065C405D42}.Debug|Any CPU.Build.0 = Debug|Any CPU
		{8789C787-2125-413E-BB38-C9065C405D42}.Debug|x64.ActiveCfg = Debug|Any CPU
		{8789C787-2125-413E-BB38-C9065C405D42}.Debug|x64.Build.0 = Debug|Any CPU
		{8789C787-2125-413E-BB38-C9065C405D42}.Debug|x86.ActiveCfg = Debug|Any CPU
		{8789C787-2125-413E-BB38-C9065C405D42}.Debug|x86.Build.0 = Debug|Any CPU
		{8789C787-2125-413E-BB38-C9065C405D42}.Release|Any CPU.ActiveCfg = Release|Any CPU
		{8789C787-2125-413E-BB38-C9065C405D42}.Release|Any CPU.Build.0 = Release|Any CPU
		{8789C787-2125-413E-BB38-C9065C405D42}.Release|x64.ActiveCfg = Release|Any CPU
		{8789C787-2125-413E-BB38-C9065C405D42}.Release|x64.Build.0 = Release|Any CPU
		{8789C787-2125-413E-BB38-C9065C405D42}.Release|x86.ActiveCfg = Release|Any CPU
		{8789C787-2125-413E-BB38-C9065C405D42}.Release|x86.Build.0 = Release|Any CPU
		{B4CFADA1-1DC9-4E84-AE6C-64519D5FEB19}.Debug|Any CPU.ActiveCfg = Debug|Any CPU
		{B4CFADA1-1DC9-4E84-AE6C-64519D5FEB19}.Debug|Any CPU.Build.0 = Debug|Any CPU
		{B4CFADA1-1DC9-4E84-AE6C-64519D5FEB19}.Debug|x64.ActiveCfg = Debug|Any CPU
		{B4CFADA1-1DC9-4E84-AE6C-64519D5FEB19}.Debug|x64.Build.0 = Debug|Any CPU
		{B4CFADA1-1DC9-4E84-AE6C-64519D5FEB19}.Debug|x86.ActiveCfg = Debug|Any CPU
		{B4CFADA1-1DC9-4E84-AE6C-64519D5FEB19}.Debug|x86.Build.0 = Debug|Any CPU
		{B4CFADA1-1DC9-4E84-AE6C-64519D5FEB19}.Release|Any CPU.ActiveCfg = Release|Any CPU
		{B4CFADA1-1DC9-4E84-AE6C-64519D5FEB19}.Release|Any CPU.Build.0 = Release|Any CPU
		{B4CFADA1-1DC9-4E84-AE6C-64519D5FEB19}.Release|x64.ActiveCfg = Release|Any CPU
		{B4CFADA1-1DC9-4E84-AE6C-64519D5FEB19}.Release|x64.Build.0 = Release|Any CPU
		{B4CFADA1-1DC9-4E84-AE6C-64519D5FEB19}.Release|x86.ActiveCfg = Release|Any CPU
		{B4CFADA1-1DC9-4E84-AE6C-64519D5FEB19}.Release|x86.Build.0 = Release|Any CPU
		{E497EEBC-3B5C-4169-9DFA-37FEBBB7797A}.Debug|Any CPU.ActiveCfg = Debug|Any CPU
		{E497EEBC-3B5C-4169-9DFA-37FEBBB7797A}.Debug|Any CPU.Build.0 = Debug|Any CPU
		{E497EEBC-3B5C-4169-9DFA-37FEBBB7797A}.Debug|x64.ActiveCfg = Debug|Any CPU
		{E497EEBC-3B5C-4169-9DFA-37FEBBB7797A}.Debug|x64.Build.0 = Debug|Any CPU
		{E497EEBC-3B5C-4169-9DFA-37FEBBB7797A}.Debug|x86.ActiveCfg = Debug|Any CPU
		{E497EEBC-3B5C-4169-9DFA-37FEBBB7797A}.Debug|x86.Build.0 = Debug|Any CPU
		{E497EEBC-3B5C-4169-9DFA-37FEBBB7797A}.Release|Any CPU.ActiveCfg = Release|Any CPU
		{E497EEBC-3B5C-4169-9DFA-37FEBBB7797A}.Release|Any CPU.Build.0 = Release|Any CPU
		{E497EEBC-3B5C-4169-9DFA-37FEBBB7797A}.Release|x64.ActiveCfg = Release|Any CPU
		{E497EEBC-3B5C-4169-9DFA-37FEBBB7797A}.Release|x64.Build.0 = Release|Any CPU
		{E497EEBC-3B5C-4169-9DFA-37FEBBB7797A}.Release|x86.ActiveCfg = Release|Any CPU
		{E497EEBC-3B5C-4169-9DFA-37FEBBB7797A}.Release|x86.Build.0 = Release|Any CPU
		{F63B2561-6C6C-4010-A63A-AAB03F8C3E30}.Debug|Any CPU.ActiveCfg = Debug|Any CPU
		{F63B2561-6C6C-4010-A63A-AAB03F8C3E30}.Debug|Any CPU.Build.0 = Debug|Any CPU
		{F63B2561-6C6C-4010-A63A-AAB03F8C3E30}.Debug|x64.ActiveCfg = Debug|Any CPU
		{F63B2561-6C6C-4010-A63A-AAB03F8C3E30}.Debug|x64.Build.0 = Debug|Any CPU
		{F63B2561-6C6C-4010-A63A-AAB03F8C3E30}.Debug|x86.ActiveCfg = Debug|Any CPU
		{F63B2561-6C6C-4010-A63A-AAB03F8C3E30}.Debug|x86.Build.0 = Debug|Any CPU
		{F63B2561-6C6C-4010-A63A-AAB03F8C3E30}.Release|Any CPU.ActiveCfg = Release|Any CPU
		{F63B2561-6C6C-4010-A63A-AAB03F8C3E30}.Release|Any CPU.Build.0 = Release|Any CPU
		{F63B2561-6C6C-4010-A63A-AAB03F8C3E30}.Release|x64.ActiveCfg = Release|Any CPU
		{F63B2561-6C6C-4010-A63A-AAB03F8C3E30}.Release|x64.Build.0 = Release|Any CPU
		{F63B2561-6C6C-4010-A63A-AAB03F8C3E30}.Release|x86.ActiveCfg = Release|Any CPU
		{F63B2561-6C6C-4010-A63A-AAB03F8C3E30}.Release|x86.Build.0 = Release|Any CPU
		{1E662F33-8F91-48EB-A659-594E7039C65A}.Debug|Any CPU.ActiveCfg = Debug|Any CPU
		{1E662F33-8F91-48EB-A659-594E7039C65A}.Debug|Any CPU.Build.0 = Debug|Any CPU
		{1E662F33-8F91-48EB-A659-594E7039C65A}.Debug|x64.ActiveCfg = Debug|Any CPU
		{1E662F33-8F91-48EB-A659-594E7039C65A}.Debug|x64.Build.0 = Debug|Any CPU
		{1E662F33-8F91-48EB-A659-594E7039C65A}.Debug|x86.ActiveCfg = Debug|Any CPU
		{1E662F33-8F91-48EB-A659-594E7039C65A}.Debug|x86.Build.0 = Debug|Any CPU
		{1E662F33-8F91-48EB-A659-594E7039C65A}.Release|Any CPU.ActiveCfg = Release|Any CPU
		{1E662F33-8F91-48EB-A659-594E7039C65A}.Release|Any CPU.Build.0 = Release|Any CPU
		{1E662F33-8F91-48EB-A659-594E7039C65A}.Release|x64.ActiveCfg = Release|Any CPU
		{1E662F33-8F91-48EB-A659-594E7039C65A}.Release|x64.Build.0 = Release|Any CPU
		{1E662F33-8F91-48EB-A659-594E7039C65A}.Release|x86.ActiveCfg = Release|Any CPU
		{1E662F33-8F91-48EB-A659-594E7039C65A}.Release|x86.Build.0 = Release|Any CPU
	EndGlobalSection
	GlobalSection(SolutionProperties) = preSolution
		HideSolutionNode = FALSE
	EndGlobalSection
	GlobalSection(ExtensibilityGlobals) = postSolution
		SolutionGuid = {DBCC3BDC-8B47-46D6-A037-B71BC30D9B0A}
	EndGlobalSection
EndGlobal
