
Microsoft Visual Studio Solution File, Format Version 12.00
# Visual Studio Version 17
VisualStudioVersion = 17.0.31919.166
MinimumVisualStudioVersion = 10.0.40219.1
Project("{9A19103F-16F7-4668-BE54-9A1E7A4F7556}") = "VirtualSpace", "VirtualSpace\VirtualSpace.csproj", "{DB52639D-5D7C-48D6-A4E1-0287C0323F6D}"
EndProject
Project("{9A19103F-16F7-4668-BE54-9A1E7A4F7556}") = "VirtualDesktop10", "VirtualDesktop10\VirtualDesktop10.csproj", "{A0A23E93-B9E2-4364-89E8-A04370B7BE77}"
EndProject
Project("{9A19103F-16F7-4668-BE54-9A1E7A4F7556}") = "VirtualDesktop11", "VirtualDesktop11\VirtualDesktop11.csproj", "{64F6E5AF-9B82-4843-8338-1219E1B0BA74}"
EndProject
Project("{9A19103F-16F7-4668-BE54-9A1E7A4F7556}") = "VirtualSpace10", "VirtualSpace10\VirtualSpace10.csproj", "{E238A944-AFCC-4B26-A78F-9EFAABA90BA1}"
EndProject
Project("{9A19103F-16F7-4668-BE54-9A1E7A4F7556}") = "LinqExpressionBuilder", "LinqExpressionBuilder\LinqExpressionBuilder.csproj", "{39DADF49-9596-420D-8663-4F44F3A3179D}"
EndProject
Project("{9A19103F-16F7-4668-BE54-9A1E7A4F7556}") = "Configuration", "Configuration\Configuration.csproj", "{1BC48019-B0BC-434E-8677-B720DA769365}"
EndProject
Project("{9A19103F-16F7-4668-BE54-9A1E7A4F7556}") = "Logger", "Logger\Logger.csproj", "{FF6514E2-0F29-4694-AA57-DA539144DE56}"
EndProject
Project("{9A19103F-16F7-4668-BE54-9A1E7A4F7556}") = "Helpers", "Helpers\Helpers.csproj", "{C585EA4E-FB09-47E9-B860-CE551701C25B}"
EndProject
Project("{9A19103F-16F7-4668-BE54-9A1E7A4F7556}") = "Bridge", "Bridge\Bridge.csproj", "{307A5E39-85D4-42C3-B267-B36706BB1F86}"
EndProject
Project("{9A19103F-16F7-4668-BE54-9A1E7A4F7556}") = "UiAutomation", "UiAutomation\UiAutomation.csproj", "{1AD64F67-E242-42FA-8C3F-AC4003AF7CDE}"
EndProject
Project("{9A19103F-16F7-4668-BE54-9A1E7A4F7556}") = "Resources", "Resources\Resources.csproj", "{00C71B65-C030-44C1-B62A-311FEBF23258}"
EndProject
Project("{9A19103F-16F7-4668-BE54-9A1E7A4F7556}") = "Ipc", "Ipc\Commons\Ipc.csproj", "{24AC7B65-7A18-4603-AB5A-B50A6903E5BF}"
EndProject
Project("{9A19103F-16F7-4668-BE54-9A1E7A4F7556}") = "IpcServer", "Ipc\IpcServer\IpcServer.csproj", "{B7B5F165-21C3-456B-8F13-4C72FF6E6D32}"
EndProject
Project("{9A19103F-16F7-4668-BE54-9A1E7A4F7556}") = "Plugin", "Plugin\Commons\Plugin.csproj", "{36332EB5-80A3-4B90-998A-55D24AB17715}"
EndProject
Project("{9A19103F-16F7-4668-BE54-9A1E7A4F7556}") = "ControlPanel", "WPF\ControlPanel\ControlPanel.csproj", "{D40B4CED-A35E-42AE-8637-EEFDB7DCF701}"
EndProject
Project("{9A19103F-16F7-4668-BE54-9A1E7A4F7556}") = "AppController", "WinForms\AppController\AppController.csproj", "{0C239946-4CA8-44B0-B0A3-7785931FAEB9}"
EndProject
Global
	GlobalSection(SolutionConfigurationPlatforms) = preSolution
		Debug|Any CPU = Debug|Any CPU
		Debug|x64 = Debug|x64
		Debug|x86 = Debug|x86
		Release|Any CPU = Release|Any CPU
		Release|x64 = Release|x64
		Release|x86 = Release|x86
	EndGlobalSection
	GlobalSection(ProjectConfigurationPlatforms) = postSolution
		{DB52639D-5D7C-48D6-A4E1-0287C0323F6D}.Debug|Any CPU.ActiveCfg = Debug|Any CPU
		{DB52639D-5D7C-48D6-A4E1-0287C0323F6D}.Debug|Any CPU.Build.0 = Debug|Any CPU
		{DB52639D-5D7C-48D6-A4E1-0287C0323F6D}.Debug|x64.ActiveCfg = Debug|Any CPU
		{DB52639D-5D7C-48D6-A4E1-0287C0323F6D}.Debug|x64.Build.0 = Debug|Any CPU
		{DB52639D-5D7C-48D6-A4E1-0287C0323F6D}.Debug|x86.ActiveCfg = Debug|x86
		{DB52639D-5D7C-48D6-A4E1-0287C0323F6D}.Debug|x86.Build.0 = Debug|x86
		{DB52639D-5D7C-48D6-A4E1-0287C0323F6D}.Release|Any CPU.ActiveCfg = Release|Any CPU
		{DB52639D-5D7C-48D6-A4E1-0287C0323F6D}.Release|Any CPU.Build.0 = Release|Any CPU
		{DB52639D-5D7C-48D6-A4E1-0287C0323F6D}.Release|x64.ActiveCfg = Release|Any CPU
		{DB52639D-5D7C-48D6-A4E1-0287C0323F6D}.Release|x64.Build.0 = Release|Any CPU
		{DB52639D-5D7C-48D6-A4E1-0287C0323F6D}.Release|x86.ActiveCfg = Release|Any CPU
		{DB52639D-5D7C-48D6-A4E1-0287C0323F6D}.Release|x86.Build.0 = Release|Any CPU
		{A0A23E93-B9E2-4364-89E8-A04370B7BE77}.Debug|Any CPU.ActiveCfg = Debug|Any CPU
		{A0A23E93-B9E2-4364-89E8-A04370B7BE77}.Debug|Any CPU.Build.0 = Debug|Any CPU
		{A0A23E93-B9E2-4364-89E8-A04370B7BE77}.Debug|x64.ActiveCfg = Debug|Any CPU
		{A0A23E93-B9E2-4364-89E8-A04370B7BE77}.Debug|x64.Build.0 = Debug|Any CPU
		{A0A23E93-B9E2-4364-89E8-A04370B7BE77}.Debug|x86.ActiveCfg = Debug|Any CPU
		{A0A23E93-B9E2-4364-89E8-A04370B7BE77}.Debug|x86.Build.0 = Debug|Any CPU
		{A0A23E93-B9E2-4364-89E8-A04370B7BE77}.Release|Any CPU.ActiveCfg = Release|Any CPU
		{A0A23E93-B9E2-4364-89E8-A04370B7BE77}.Release|Any CPU.Build.0 = Release|Any CPU
		{A0A23E93-B9E2-4364-89E8-A04370B7BE77}.Release|x64.ActiveCfg = Release|Any CPU
		{A0A23E93-B9E2-4364-89E8-A04370B7BE77}.Release|x64.Build.0 = Release|Any CPU
		{A0A23E93-B9E2-4364-89E8-A04370B7BE77}.Release|x86.ActiveCfg = Release|Any CPU
		{A0A23E93-B9E2-4364-89E8-A04370B7BE77}.Release|x86.Build.0 = Release|Any CPU
		{64F6E5AF-9B82-4843-8338-1219E1B0BA74}.Debug|Any CPU.ActiveCfg = Debug|Any CPU
		{64F6E5AF-9B82-4843-8338-1219E1B0BA74}.Debug|Any CPU.Build.0 = Debug|Any CPU
		{64F6E5AF-9B82-4843-8338-1219E1B0BA74}.Debug|x64.ActiveCfg = Debug|Any CPU
		{64F6E5AF-9B82-4843-8338-1219E1B0BA74}.Debug|x64.Build.0 = Debug|Any CPU
		{64F6E5AF-9B82-4843-8338-1219E1B0BA74}.Debug|x86.ActiveCfg = Debug|Any CPU
		{64F6E5AF-9B82-4843-8338-1219E1B0BA74}.Debug|x86.Build.0 = Debug|Any CPU
		{64F6E5AF-9B82-4843-8338-1219E1B0BA74}.Release|Any CPU.ActiveCfg = Release|Any CPU
		{64F6E5AF-9B82-4843-8338-1219E1B0BA74}.Release|Any CPU.Build.0 = Release|Any CPU
		{64F6E5AF-9B82-4843-8338-1219E1B0BA74}.Release|x64.ActiveCfg = Release|Any CPU
		{64F6E5AF-9B82-4843-8338-1219E1B0BA74}.Release|x64.Build.0 = Release|Any CPU
		{64F6E5AF-9B82-4843-8338-1219E1B0BA74}.Release|x86.ActiveCfg = Release|Any CPU
		{64F6E5AF-9B82-4843-8338-1219E1B0BA74}.Release|x86.Build.0 = Release|Any CPU
		{E238A944-AFCC-4B26-A78F-9EFAABA90BA1}.Debug|Any CPU.ActiveCfg = Debug|Any CPU
		{E238A944-AFCC-4B26-A78F-9EFAABA90BA1}.Debug|Any CPU.Build.0 = Debug|Any CPU
		{E238A944-AFCC-4B26-A78F-9EFAABA90BA1}.Debug|x64.ActiveCfg = Debug|Any CPU
		{E238A944-AFCC-4B26-A78F-9EFAABA90BA1}.Debug|x64.Build.0 = Debug|Any CPU
		{E238A944-AFCC-4B26-A78F-9EFAABA90BA1}.Debug|x86.ActiveCfg = Debug|Any CPU
		{E238A944-AFCC-4B26-A78F-9EFAABA90BA1}.Debug|x86.Build.0 = Debug|Any CPU
		{E238A944-AFCC-4B26-A78F-9EFAABA90BA1}.Release|Any CPU.ActiveCfg = Release|Any CPU
		{E238A944-AFCC-4B26-A78F-9EFAABA90BA1}.Release|Any CPU.Build.0 = Release|Any CPU
		{E238A944-AFCC-4B26-A78F-9EFAABA90BA1}.Release|x64.ActiveCfg = Release|Any CPU
		{E238A944-AFCC-4B26-A78F-9EFAABA90BA1}.Release|x64.Build.0 = Release|Any CPU
		{E238A944-AFCC-4B26-A78F-9EFAABA90BA1}.Release|x86.ActiveCfg = Release|Any CPU
		{E238A944-AFCC-4B26-A78F-9EFAABA90BA1}.Release|x86.Build.0 = Release|Any CPU
		{39DADF49-9596-420D-8663-4F44F3A3179D}.Debug|Any CPU.ActiveCfg = Debug|Any CPU
		{39DADF49-9596-420D-8663-4F44F3A3179D}.Debug|Any CPU.Build.0 = Debug|Any CPU
		{39DADF49-9596-420D-8663-4F44F3A3179D}.Debug|x64.ActiveCfg = Debug|Any CPU
		{39DADF49-9596-420D-8663-4F44F3A3179D}.Debug|x64.Build.0 = Debug|Any CPU
		{39DADF49-9596-420D-8663-4F44F3A3179D}.Debug|x86.ActiveCfg = Debug|Any CPU
		{39DADF49-9596-420D-8663-4F44F3A3179D}.Debug|x86.Build.0 = Debug|Any CPU
		{39DADF49-9596-420D-8663-4F44F3A3179D}.Release|Any CPU.ActiveCfg = Release|Any CPU
		{39DADF49-9596-420D-8663-4F44F3A3179D}.Release|Any CPU.Build.0 = Release|Any CPU
		{39DADF49-9596-420D-8663-4F44F3A3179D}.Release|x64.ActiveCfg = Release|Any CPU
		{39DADF49-9596-420D-8663-4F44F3A3179D}.Release|x64.Build.0 = Release|Any CPU
		{39DADF49-9596-420D-8663-4F44F3A3179D}.Release|x86.ActiveCfg = Release|Any CPU
		{39DADF49-9596-420D-8663-4F44F3A3179D}.Release|x86.Build.0 = Release|Any CPU
		{1BC48019-B0BC-434E-8677-B720DA769365}.Debug|Any CPU.ActiveCfg = Debug|Any CPU
		{1BC48019-B0BC-434E-8677-B720DA769365}.Debug|Any CPU.Build.0 = Debug|Any CPU
		{1BC48019-B0BC-434E-8677-B720DA769365}.Debug|x64.ActiveCfg = Debug|Any CPU
		{1BC48019-B0BC-434E-8677-B720DA769365}.Debug|x64.Build.0 = Debug|Any CPU
		{1BC48019-B0BC-434E-8677-B720DA769365}.Debug|x86.ActiveCfg = Debug|Any CPU
		{1BC48019-B0BC-434E-8677-B720DA769365}.Debug|x86.Build.0 = Debug|Any CPU
		{1BC48019-B0BC-434E-8677-B720DA769365}.Release|Any CPU.ActiveCfg = Release|Any CPU
		{1BC48019-B0BC-434E-8677-B720DA769365}.Release|Any CPU.Build.0 = Release|Any CPU
		{1BC48019-B0BC-434E-8677-B720DA769365}.Release|x64.ActiveCfg = Release|Any CPU
		{1BC48019-B0BC-434E-8677-B720DA769365}.Release|x64.Build.0 = Release|Any CPU
		{1BC48019-B0BC-434E-8677-B720DA769365}.Release|x86.ActiveCfg = Release|Any CPU
		{1BC48019-B0BC-434E-8677-B720DA769365}.Release|x86.Build.0 = Release|Any CPU
		{FF6514E2-0F29-4694-AA57-DA539144DE56}.Debug|Any CPU.ActiveCfg = Debug|Any CPU
		{FF6514E2-0F29-4694-AA57-DA539144DE56}.Debug|Any CPU.Build.0 = Debug|Any CPU
		{FF6514E2-0F29-4694-AA57-DA539144DE56}.Debug|x64.ActiveCfg = Debug|Any CPU
		{FF6514E2-0F29-4694-AA57-DA539144DE56}.Debug|x64.Build.0 = Debug|Any CPU
		{FF6514E2-0F29-4694-AA57-DA539144DE56}.Debug|x86.ActiveCfg = Debug|Any CPU
		{FF6514E2-0F29-4694-AA57-DA539144DE56}.Debug|x86.Build.0 = Debug|Any CPU
		{FF6514E2-0F29-4694-AA57-DA539144DE56}.Release|Any CPU.ActiveCfg = Release|Any CPU
		{FF6514E2-0F29-4694-AA57-DA539144DE56}.Release|Any CPU.Build.0 = Release|Any CPU
		{FF6514E2-0F29-4694-AA57-DA539144DE56}.Release|x64.ActiveCfg = Release|Any CPU
		{FF6514E2-0F29-4694-AA57-DA539144DE56}.Release|x64.Build.0 = Release|Any CPU
		{FF6514E2-0F29-4694-AA57-DA539144DE56}.Release|x86.ActiveCfg = Release|Any CPU
		{FF6514E2-0F29-4694-AA57-DA539144DE56}.Release|x86.Build.0 = Release|Any CPU
		{C585EA4E-FB09-47E9-B860-CE551701C25B}.Debug|Any CPU.ActiveCfg = Debug|Any CPU
		{C585EA4E-FB09-47E9-B860-CE551701C25B}.Debug|Any CPU.Build.0 = Debug|Any CPU
		{C585EA4E-FB09-47E9-B860-CE551701C25B}.Debug|x64.ActiveCfg = Debug|Any CPU
		{C585EA4E-FB09-47E9-B860-CE551701C25B}.Debug|x64.Build.0 = Debug|Any CPU
		{C585EA4E-FB09-47E9-B860-CE551701C25B}.Debug|x86.ActiveCfg = Debug|Any CPU
		{C585EA4E-FB09-47E9-B860-CE551701C25B}.Debug|x86.Build.0 = Debug|Any CPU
		{C585EA4E-FB09-47E9-B860-CE551701C25B}.Release|Any CPU.ActiveCfg = Release|Any CPU
		{C585EA4E-FB09-47E9-B860-CE551701C25B}.Release|Any CPU.Build.0 = Release|Any CPU
		{C585EA4E-FB09-47E9-B860-CE551701C25B}.Release|x64.ActiveCfg = Release|Any CPU
		{C585EA4E-FB09-47E9-B860-CE551701C25B}.Release|x64.Build.0 = Release|Any CPU
		{C585EA4E-FB09-47E9-B860-CE551701C25B}.Release|x86.ActiveCfg = Release|Any CPU
		{C585EA4E-FB09-47E9-B860-CE551701C25B}.Release|x86.Build.0 = Release|Any CPU
		{307A5E39-85D4-42C3-B267-B36706BB1F86}.Debug|Any CPU.ActiveCfg = Debug|Any CPU
		{307A5E39-85D4-42C3-B267-B36706BB1F86}.Debug|Any CPU.Build.0 = Debug|Any CPU
		{307A5E39-85D4-42C3-B267-B36706BB1F86}.Debug|x64.ActiveCfg = Debug|Any CPU
		{307A5E39-85D4-42C3-B267-B36706BB1F86}.Debug|x64.Build.0 = Debug|Any CPU
		{307A5E39-85D4-42C3-B267-B36706BB1F86}.Debug|x86.ActiveCfg = Debug|Any CPU
		{307A5E39-85D4-42C3-B267-B36706BB1F86}.Debug|x86.Build.0 = Debug|Any CPU
		{307A5E39-85D4-42C3-B267-B36706BB1F86}.Release|Any CPU.ActiveCfg = Release|Any CPU
		{307A5E39-85D4-42C3-B267-B36706BB1F86}.Release|Any CPU.Build.0 = Release|Any CPU
		{307A5E39-85D4-42C3-B267-B36706BB1F86}.Release|x64.ActiveCfg = Release|Any CPU
		{307A5E39-85D4-42C3-B267-B36706BB1F86}.Release|x64.Build.0 = Release|Any CPU
		{307A5E39-85D4-42C3-B267-B36706BB1F86}.Release|x86.ActiveCfg = Release|Any CPU
		{307A5E39-85D4-42C3-B267-B36706BB1F86}.Release|x86.Build.0 = Release|Any CPU
		{1AD64F67-E242-42FA-8C3F-AC4003AF7CDE}.Debug|Any CPU.ActiveCfg = Debug|Any CPU
		{1AD64F67-E242-42FA-8C3F-AC4003AF7CDE}.Debug|Any CPU.Build.0 = Debug|Any CPU
		{1AD64F67-E242-42FA-8C3F-AC4003AF7CDE}.Debug|x64.ActiveCfg = Debug|Any CPU
		{1AD64F67-E242-42FA-8C3F-AC4003AF7CDE}.Debug|x64.Build.0 = Debug|Any CPU
		{1AD64F67-E242-42FA-8C3F-AC4003AF7CDE}.Debug|x86.ActiveCfg = Debug|Any CPU
		{1AD64F67-E242-42FA-8C3F-AC4003AF7CDE}.Debug|x86.Build.0 = Debug|Any CPU
		{1AD64F67-E242-42FA-8C3F-AC4003AF7CDE}.Release|Any CPU.ActiveCfg = Release|Any CPU
		{1AD64F67-E242-42FA-8C3F-AC4003AF7CDE}.Release|Any CPU.Build.0 = Release|Any CPU
		{1AD64F67-E242-42FA-8C3F-AC4003AF7CDE}.Release|x64.ActiveCfg = Release|Any CPU
		{1AD64F67-E242-42FA-8C3F-AC4003AF7CDE}.Release|x64.Build.0 = Release|Any CPU
		{1AD64F67-E242-42FA-8C3F-AC4003AF7CDE}.Release|x86.ActiveCfg = Release|Any CPU
		{1AD64F67-E242-42FA-8C3F-AC4003AF7CDE}.Release|x86.Build.0 = Release|Any CPU
		{00C71B65-C030-44C1-B62A-311FEBF23258}.Debug|Any CPU.ActiveCfg = Debug|Any CPU
		{00C71B65-C030-44C1-B62A-311FEBF23258}.Debug|Any CPU.Build.0 = Debug|Any CPU
		{00C71B65-C030-44C1-B62A-311FEBF23258}.Debug|x64.ActiveCfg = Debug|Any CPU
		{00C71B65-C030-44C1-B62A-311FEBF23258}.Debug|x64.Build.0 = Debug|Any CPU
		{00C71B65-C030-44C1-B62A-311FEBF23258}.Debug|x86.ActiveCfg = Debug|Any CPU
		{00C71B65-C030-44C1-B62A-311FEBF23258}.Debug|x86.Build.0 = Debug|Any CPU
		{00C71B65-C030-44C1-B62A-311FEBF23258}.Release|Any CPU.ActiveCfg = Release|Any CPU
		{00C71B65-C030-44C1-B62A-311FEBF23258}.Release|Any CPU.Build.0 = Release|Any CPU
		{00C71B65-C030-44C1-B62A-311FEBF23258}.Release|x64.ActiveCfg = Release|Any CPU
		{00C71B65-C030-44C1-B62A-311FEBF23258}.Release|x64.Build.0 = Release|Any CPU
		{00C71B65-C030-44C1-B62A-311FEBF23258}.Release|x86.ActiveCfg = Release|Any CPU
		{00C71B65-C030-44C1-B62A-311FEBF23258}.Release|x86.Build.0 = Release|Any CPU
		{24AC7B65-7A18-4603-AB5A-B50A6903E5BF}.Debug|Any CPU.ActiveCfg = Debug|Any CPU
		{24AC7B65-7A18-4603-AB5A-B50A6903E5BF}.Debug|Any CPU.Build.0 = Debug|Any CPU
		{24AC7B65-7A18-4603-AB5A-B50A6903E5BF}.Debug|x64.ActiveCfg = Debug|Any CPU
		{24AC7B65-7A18-4603-AB5A-B50A6903E5BF}.Debug|x64.Build.0 = Debug|Any CPU
		{24AC7B65-7A18-4603-AB5A-B50A6903E5BF}.Debug|x86.ActiveCfg = Debug|Any CPU
		{24AC7B65-7A18-4603-AB5A-B50A6903E5BF}.Debug|x86.Build.0 = Debug|Any CPU
		{24AC7B65-7A18-4603-AB5A-B50A6903E5BF}.Release|Any CPU.ActiveCfg = Release|Any CPU
		{24AC7B65-7A18-4603-AB5A-B50A6903E5BF}.Release|Any CPU.Build.0 = Release|Any CPU
		{24AC7B65-7A18-4603-AB5A-B50A6903E5BF}.Release|x64.ActiveCfg = Release|Any CPU
		{24AC7B65-7A18-4603-AB5A-B50A6903E5BF}.Release|x64.Build.0 = Release|Any CPU
		{24AC7B65-7A18-4603-AB5A-B50A6903E5BF}.Release|x86.ActiveCfg = Release|Any CPU
		{24AC7B65-7A18-4603-AB5A-B50A6903E5BF}.Release|x86.Build.0 = Release|Any CPU
		{B7B5F165-21C3-456B-8F13-4C72FF6E6D32}.Debug|Any CPU.ActiveCfg = Debug|Any CPU
		{B7B5F165-21C3-456B-8F13-4C72FF6E6D32}.Debug|Any CPU.Build.0 = Debug|Any CPU
		{B7B5F165-21C3-456B-8F13-4C72FF6E6D32}.Debug|x64.ActiveCfg = Debug|Any CPU
		{B7B5F165-21C3-456B-8F13-4C72FF6E6D32}.Debug|x64.Build.0 = Debug|Any CPU
		{B7B5F165-21C3-456B-8F13-4C72FF6E6D32}.Debug|x86.ActiveCfg = Debug|Any CPU
		{B7B5F165-21C3-456B-8F13-4C72FF6E6D32}.Debug|x86.Build.0 = Debug|Any CPU
		{B7B5F165-21C3-456B-8F13-4C72FF6E6D32}.Release|Any CPU.ActiveCfg = Release|Any CPU
		{B7B5F165-21C3-456B-8F13-4C72FF6E6D32}.Release|Any CPU.Build.0 = Release|Any CPU
		{B7B5F165-21C3-456B-8F13-4C72FF6E6D32}.Release|x64.ActiveCfg = Release|Any CPU
		{B7B5F165-21C3-456B-8F13-4C72FF6E6D32}.Release|x64.Build.0 = Release|Any CPU
		{B7B5F165-21C3-456B-8F13-4C72FF6E6D32}.Release|x86.ActiveCfg = Release|Any CPU
		{B7B5F165-21C3-456B-8F13-4C72FF6E6D32}.Release|x86.Build.0 = Release|Any CPU
		{36332EB5-80A3-4B90-998A-55D24AB17715}.Debug|Any CPU.ActiveCfg = Debug|Any CPU
		{36332EB5-80A3-4B90-998A-55D24AB17715}.Debug|Any CPU.Build.0 = Debug|Any CPU
		{36332EB5-80A3-4B90-998A-55D24AB17715}.Debug|x64.ActiveCfg = Debug|Any CPU
		{36332EB5-80A3-4B90-998A-55D24AB17715}.Debug|x64.Build.0 = Debug|Any CPU
		{36332EB5-80A3-4B90-998A-55D24AB17715}.Debug|x86.ActiveCfg = Debug|Any CPU
		{36332EB5-80A3-4B90-998A-55D24AB17715}.Debug|x86.Build.0 = Debug|Any CPU
		{36332EB5-80A3-4B90-998A-55D24AB17715}.Release|Any CPU.ActiveCfg = Release|Any CPU
		{36332EB5-80A3-4B90-998A-55D24AB17715}.Release|Any CPU.Build.0 = Release|Any CPU
		{36332EB5-80A3-4B90-998A-55D24AB17715}.Release|x64.ActiveCfg = Release|Any CPU
		{36332EB5-80A3-4B90-998A-55D24AB17715}.Release|x64.Build.0 = Release|Any CPU
		{36332EB5-80A3-4B90-998A-55D24AB17715}.Release|x86.ActiveCfg = Release|Any CPU
		{36332EB5-80A3-4B90-998A-55D24AB17715}.Release|x86.Build.0 = Release|Any CPU
		{D40B4CED-A35E-42AE-8637-EEFDB7DCF701}.Debug|Any CPU.ActiveCfg = Debug|Any CPU
		{D40B4CED-A35E-42AE-8637-EEFDB7DCF701}.Debug|Any CPU.Build.0 = Debug|Any CPU
		{D40B4CED-A35E-42AE-8637-EEFDB7DCF701}.Debug|x64.ActiveCfg = Debug|Any CPU
		{D40B4CED-A35E-42AE-8637-EEFDB7DCF701}.Debug|x64.Build.0 = Debug|Any CPU
		{D40B4CED-A35E-42AE-8637-EEFDB7DCF701}.Debug|x86.ActiveCfg = Debug|Any CPU
		{D40B4CED-A35E-42AE-8637-EEFDB7DCF701}.Debug|x86.Build.0 = Debug|Any CPU
		{D40B4CED-A35E-42AE-8637-EEFDB7DCF701}.Release|Any CPU.ActiveCfg = Release|Any CPU
		{D40B4CED-A35E-42AE-8637-EEFDB7DCF701}.Release|Any CPU.Build.0 = Release|Any CPU
		{D40B4CED-A35E-42AE-8637-EEFDB7DCF701}.Release|x64.ActiveCfg = Release|Any CPU
		{D40B4CED-A35E-42AE-8637-EEFDB7DCF701}.Release|x64.Build.0 = Release|Any CPU
		{D40B4CED-A35E-42AE-8637-EEFDB7DCF701}.Release|x86.ActiveCfg = Release|Any CPU
		{D40B4CED-A35E-42AE-8637-EEFDB7DCF701}.Release|x86.Build.0 = Release|Any CPU
		{0C239946-4CA8-44B0-B0A3-7785931FAEB9}.Debug|Any CPU.ActiveCfg = Debug|Any CPU
		{0C239946-4CA8-44B0-B0A3-7785931FAEB9}.Debug|Any CPU.Build.0 = Debug|Any CPU
		{0C239946-4CA8-44B0-B0A3-7785931FAEB9}.Debug|x64.ActiveCfg = Debug|Any CPU
		{0C239946-4CA8-44B0-B0A3-7785931FAEB9}.Debug|x64.Build.0 = Debug|Any CPU
		{0C239946-4CA8-44B0-B0A3-7785931FAEB9}.Debug|x86.ActiveCfg = Debug|Any CPU
		{0C239946-4CA8-44B0-B0A3-7785931FAEB9}.Debug|x86.Build.0 = Debug|Any CPU
		{0C239946-4CA8-44B0-B0A3-7785931FAEB9}.Release|Any CPU.ActiveCfg = Release|Any CPU
		{0C239946-4CA8-44B0-B0A3-7785931FAEB9}.Release|Any CPU.Build.0 = Release|Any CPU
		{0C239946-4CA8-44B0-B0A3-7785931FAEB9}.Release|x64.ActiveCfg = Release|Any CPU
		{0C239946-4CA8-44B0-B0A3-7785931FAEB9}.Release|x64.Build.0 = Release|Any CPU
		{0C239946-4CA8-44B0-B0A3-7785931FAEB9}.Release|x86.ActiveCfg = Release|Any CPU
		{0C239946-4CA8-44B0-B0A3-7785931FAEB9}.Release|x86.Build.0 = Release|Any CPU
	EndGlobalSection
	GlobalSection(SolutionProperties) = preSolution
		HideSolutionNode = FALSE
	EndGlobalSection
	GlobalSection(ExtensibilityGlobals) = postSolution
		SolutionGuid = {DBCC3BDC-8B47-46D6-A037-B71BC30D9B0A}
	EndGlobalSection
EndGlobal
