
Microsoft Visual Studio Solution File, Format Version 12.00
# Visual Studio Version 17
VisualStudioVersion = 17.1.32210.238
MinimumVisualStudioVersion = 10.0.40219.1
Project("{9A19103F-16F7-4668-BE54-9A1E7A4F7556}") = "Cube3D", "Cube3D\Cube3D.csproj", "{10B545AA-DE50-4D87-A7F4-804BA41E0035}"
EndProject
Project("{9A19103F-16F7-4668-BE54-9A1E7A4F7556}") = "ScreenCapture", "ScreenCapture\ScreenCapture.csproj", "{7BDE967F-E467-4775-8BFE-3F63F02499F0}"
EndProject
Project("{9A19103F-16F7-4668-BE54-9A1E7A4F7556}") = "Plugin", "..\Plugin\Commons\Plugin.csproj", "{A60FFB45-5547-4CEB-9B41-3D9C58ED9B86}"
EndProject
Project("{9A19103F-16F7-4668-BE54-9A1E7A4F7556}") = "Ipc", "..\Ipc\Commons\Ipc.csproj", "{498FD176-AB55-466C-80A5-C11B51C6B8C4}"
EndProject
Project("{9A19103F-16F7-4668-BE54-9A1E7A4F7556}") = "IpcClient", "..\Ipc\IpcClient\IpcClient.csproj", "{EA025C92-FE84-42D7-993E-F94D8CAEFBA9}"
EndProject
Global
	GlobalSection(SolutionConfigurationPlatforms) = preSolution
		Debug|Any CPU = Debug|Any CPU
		Release|Any CPU = Release|Any CPU
	EndGlobalSection
	GlobalSection(ProjectConfigurationPlatforms) = postSolution
		{10B545AA-DE50-4D87-A7F4-804BA41E0035}.Debug|Any CPU.ActiveCfg = Debug|Any CPU
		{10B545AA-DE50-4D87-A7F4-804BA41E0035}.Debug|Any CPU.Build.0 = Debug|Any CPU
		{10B545AA-DE50-4D87-A7F4-804BA41E0035}.Release|Any CPU.ActiveCfg = Release|Any CPU
		{10B545AA-DE50-4D87-A7F4-804BA41E0035}.Release|Any CPU.Build.0 = Release|Any CPU
		{7BDE967F-E467-4775-8BFE-3F63F02499F0}.Debug|Any CPU.ActiveCfg = Debug|Any CPU
		{7BDE967F-E467-4775-8BFE-3F63F02499F0}.Debug|Any CPU.Build.0 = Debug|Any CPU
		{7BDE967F-E467-4775-8BFE-3F63F02499F0}.Release|Any CPU.ActiveCfg = Release|Any CPU
		{7BDE967F-E467-4775-8BFE-3F63F02499F0}.Release|Any CPU.Build.0 = Release|Any CPU
		{A60FFB45-5547-4CEB-9B41-3D9C58ED9B86}.Debug|Any CPU.ActiveCfg = Debug|Any CPU
		{A60FFB45-5547-4CEB-9B41-3D9C58ED9B86}.Debug|Any CPU.Build.0 = Debug|Any CPU
		{A60FFB45-5547-4CEB-9B41-3D9C58ED9B86}.Release|Any CPU.ActiveCfg = Release|Any CPU
		{A60FFB45-5547-4CEB-9B41-3D9C58ED9B86}.Release|Any CPU.Build.0 = Release|Any CPU
		{498FD176-AB55-466C-80A5-C11B51C6B8C4}.Debug|Any CPU.ActiveCfg = Debug|Any CPU
		{498FD176-AB55-466C-80A5-C11B51C6B8C4}.Debug|Any CPU.Build.0 = Debug|Any CPU
		{498FD176-AB55-466C-80A5-C11B51C6B8C4}.Release|Any CPU.ActiveCfg = Release|Any CPU
		{498FD176-AB55-466C-80A5-C11B51C6B8C4}.Release|Any CPU.Build.0 = Release|Any CPU
		{EA025C92-FE84-42D7-993E-F94D8CAEFBA9}.Debug|Any CPU.ActiveCfg = Debug|Any CPU
		{EA025C92-FE84-42D7-993E-F94D8CAEFBA9}.Debug|Any CPU.Build.0 = Debug|Any CPU
		{EA025C92-FE84-42D7-993E-F94D8CAEFBA9}.Release|Any CPU.ActiveCfg = Release|Any CPU
		{EA025C92-FE84-42D7-993E-F94D8CAEFBA9}.Release|Any CPU.Build.0 = Release|Any CPU
	EndGlobalSection
	GlobalSection(SolutionProperties) = preSolution
		HideSolutionNode = FALSE
	EndGlobalSection
	GlobalSection(ExtensibilityGlobals) = postSolution
		SolutionGuid = {80A9A318-A8BB-43ED-8290-5E75FC73F82B}
	EndGlobalSection
EndGlobal
